{
	"name": "the-ink-press",
	"version": "0.1.0",
	"lockfileVersion": 3,
	"requires": true,
	"packages": {
		"": {
			"name": "the-ink-press",
			"version": "0.1.0",
			"dependencies": {
				"@ai-sdk/openai": "^3.0.23",
				"@napi-rs/image": "^1.12.0",
				"ai": "^6.0.64",
				"commander": "^14.0.3",
				"fast-xml-parser": "^5.3.4",
				"zod": "^4.3.6"
			},
			"bin": {
				"the-ink-press": "dist/index.js"
			},
			"devDependencies": {
				"@biomejs/biome": "^2.3.13",
				"@types/bun": "latest",
				"typescript": "^5.9.3"
			},
			"engines": {
				"bun": ">=1.0.0"
			}
		},
		"node_modules/@ai-sdk/gateway": {
			"version": "3.0.32",
			"resolved": "https://registry.npmjs.org/@ai-sdk/gateway/-/gateway-3.0.32.tgz",
			"integrity": "sha512-7clZRr07P9rpur39t1RrbIe7x8jmwnwUWI8tZs+BvAfX3NFgdSVGGIaT7bTz2pb08jmLXzTSDbrOTqAQ7uBkBQ==",
			"license": "Apache-2.0",
			"dependencies": {
				"@ai-sdk/provider": "3.0.7",
				"@ai-sdk/provider-utils": "4.0.13",
				"@vercel/oidc": "3.1.0"
			},
			"engines": {
				"node": ">=18"
			},
			"peerDependencies": {
				"zod": "^3.25.76 || ^4.1.8"
			}
		},
		"node_modules/@ai-sdk/openai": {
			"version": "3.0.25",
			"resolved": "https://registry.npmjs.org/@ai-sdk/openai/-/openai-3.0.25.tgz",
			"integrity": "sha512-DsaN46R98+D1W3lU3fKuPU3ofacboLaHlkAwxJPgJ8eup1AJHmPK1N1y10eJJbJcF6iby8Tf/vanoZxc9JPUfw==",
			"license": "Apache-2.0",
			"dependencies": {
				"@ai-sdk/provider": "3.0.7",
				"@ai-sdk/provider-utils": "4.0.13"
			},
			"engines": {
				"node": ">=18"
			},
			"peerDependencies": {
				"zod": "^3.25.76 || ^4.1.8"
			}
		},
		"node_modules/@ai-sdk/provider": {
			"version": "3.0.7",
			"resolved": "https://registry.npmjs.org/@ai-sdk/provider/-/provider-3.0.7.tgz",
			"integrity": "sha512-VkPLrutM6VdA924/mG8OS+5frbVTcu6e046D2bgDo00tehBANR1QBJ/mPcZ9tXMFOsVcm6SQArOregxePzTFPw==",
			"license": "Apache-2.0",
			"dependencies": {
				"json-schema": "^0.4.0"
			},
			"engines": {
				"node": ">=18"
			}
		},
		"node_modules/@ai-sdk/provider-utils": {
			"version": "4.0.13",
			"resolved": "https://registry.npmjs.org/@ai-sdk/provider-utils/-/provider-utils-4.0.13.tgz",
			"integrity": "sha512-HHG72BN4d+OWTcq2NwTxOm/2qvk1duYsnhCDtsbYwn/h/4zeqURu1S0+Cn0nY2Ysq9a9HGKvrYuMn9bgFhR2Og==",
			"license": "Apache-2.0",
			"dependencies": {
				"@ai-sdk/provider": "3.0.7",
				"@standard-schema/spec": "^1.1.0",
				"eventsource-parser": "^3.0.6"
			},
			"engines": {
				"node": ">=18"
			},
			"peerDependencies": {
				"zod": "^3.25.76 || ^4.1.8"
			}
		},
		"node_modules/@biomejs/biome": {
			"version": "2.3.13",
			"resolved": "https://registry.npmjs.org/@biomejs/biome/-/biome-2.3.13.tgz",
			"integrity": "sha512-Fw7UsV0UAtWIBIm0M7g5CRerpu1eKyKAXIazzxhbXYUyMkwNrkX/KLkGI7b+uVDQ5cLUMfOC9vR60q9IDYDstA==",
			"dev": true,
			"license": "MIT OR Apache-2.0",
			"bin": {
				"biome": "bin/biome"
			},
			"engines": {
				"node": ">=14.21.3"
			},
			"funding": {
				"type": "opencollective",
				"url": "https://opencollective.com/biome"
			},
			"optionalDependencies": {
				"@biomejs/cli-darwin-arm64": "2.3.13",
				"@biomejs/cli-darwin-x64": "2.3.13",
				"@biomejs/cli-linux-arm64": "2.3.13",
				"@biomejs/cli-linux-arm64-musl": "2.3.13",
				"@biomejs/cli-linux-x64": "2.3.13",
				"@biomejs/cli-linux-x64-musl": "2.3.13",
				"@biomejs/cli-win32-arm64": "2.3.13",
				"@biomejs/cli-win32-x64": "2.3.13"
			}
		},
		"node_modules/@biomejs/cli-darwin-arm64": {
			"version": "2.3.13",
			"resolved": "https://registry.npmjs.org/@biomejs/cli-darwin-arm64/-/cli-darwin-arm64-2.3.13.tgz",
			"integrity": "sha512-0OCwP0/BoKzyJHnFdaTk/i7hIP9JHH9oJJq6hrSCPmJPo8JWcJhprK4gQlhFzrwdTBAW4Bjt/RmCf3ZZe59gwQ==",
			"cpu": [
				"arm64"
			],
			"dev": true,
			"license": "MIT OR Apache-2.0",
			"optional": true,
			"os": [
				"darwin"
			],
			"engines": {
				"node": ">=14.21.3"
			}
		},
		"node_modules/@biomejs/cli-darwin-x64": {
			"version": "2.3.13",
			"resolved": "https://registry.npmjs.org/@biomejs/cli-darwin-x64/-/cli-darwin-x64-2.3.13.tgz",
			"integrity": "sha512-AGr8OoemT/ejynbIu56qeil2+F2WLkIjn2d8jGK1JkchxnMUhYOfnqc9sVzcRxpG9Ycvw4weQ5sprRvtb7Yhcw==",
			"cpu": [
				"x64"
			],
			"dev": true,
			"license": "MIT OR Apache-2.0",
			"optional": true,
			"os": [
				"darwin"
			],
			"engines": {
				"node": ">=14.21.3"
			}
		},
		"node_modules/@biomejs/cli-linux-arm64": {
			"version": "2.3.13",
			"resolved": "https://registry.npmjs.org/@biomejs/cli-linux-arm64/-/cli-linux-arm64-2.3.13.tgz",
			"integrity": "sha512-xvOiFkrDNu607MPMBUQ6huHmBG1PZLOrqhtK6pXJW3GjfVqJg0Z/qpTdhXfcqWdSZHcT+Nct2fOgewZvytESkw==",
			"cpu": [
				"arm64"
			],
			"dev": true,
			"license": "MIT OR Apache-2.0",
			"optional": true,
			"os": [
				"linux"
			],
			"engines": {
				"node": ">=14.21.3"
			}
		},
		"node_modules/@biomejs/cli-linux-arm64-musl": {
			"version": "2.3.13",
			"resolved": "https://registry.npmjs.org/@biomejs/cli-linux-arm64-musl/-/cli-linux-arm64-musl-2.3.13.tgz",
			"integrity": "sha512-TUdDCSY+Eo/EHjhJz7P2GnWwfqet+lFxBZzGHldrvULr59AgahamLs/N85SC4+bdF86EhqDuuw9rYLvLFWWlXA==",
			"cpu": [
				"arm64"
			],
			"dev": true,
			"license": "MIT OR Apache-2.0",
			"optional": true,
			"os": [
				"linux"
			],
			"engines": {
				"node": ">=14.21.3"
			}
		},
		"node_modules/@biomejs/cli-linux-x64": {
			"version": "2.3.13",
			"resolved": "https://registry.npmjs.org/@biomejs/cli-linux-x64/-/cli-linux-x64-2.3.13.tgz",
			"integrity": "sha512-s+YsZlgiXNq8XkgHs6xdvKDFOj/bwTEevqEY6rC2I3cBHbxXYU1LOZstH3Ffw9hE5tE1sqT7U23C00MzkXztMw==",
			"cpu": [
				"x64"
			],
			"dev": true,
			"license": "MIT OR Apache-2.0",
			"optional": true,
			"os": [
				"linux"
			],
			"engines": {
				"node": ">=14.21.3"
			}
		},
		"node_modules/@biomejs/cli-linux-x64-musl": {
			"version": "2.3.13",
			"resolved": "https://registry.npmjs.org/@biomejs/cli-linux-x64-musl/-/cli-linux-x64-musl-2.3.13.tgz",
			"integrity": "sha512-0bdwFVSbbM//Sds6OjtnmQGp4eUjOTt6kHvR/1P0ieR9GcTUAlPNvPC3DiavTqq302W34Ae2T6u5VVNGuQtGlQ==",
			"cpu": [
				"x64"
			],
			"dev": true,
			"license": "MIT OR Apache-2.0",
			"optional": true,
			"os": [
				"linux"
			],
			"engines": {
				"node": ">=14.21.3"
			}
		},
		"node_modules/@biomejs/cli-win32-arm64": {
			"version": "2.3.13",
			"resolved": "https://registry.npmjs.org/@biomejs/cli-win32-arm64/-/cli-win32-arm64-2.3.13.tgz",
			"integrity": "sha512-QweDxY89fq0VvrxME+wS/BXKmqMrOTZlN9SqQ79kQSIc3FrEwvW/PvUegQF6XIVaekncDykB5dzPqjbwSKs9DA==",
			"cpu": [
				"arm64"
			],
			"dev": true,
			"license": "MIT OR Apache-2.0",
			"optional": true,
			"os": [
				"win32"
			],
			"engines": {
				"node": ">=14.21.3"
			}
		},
		"node_modules/@biomejs/cli-win32-x64": {
			"version": "2.3.13",
			"resolved": "https://registry.npmjs.org/@biomejs/cli-win32-x64/-/cli-win32-x64-2.3.13.tgz",
			"integrity": "sha512-trDw2ogdM2lyav9WFQsdsfdVy1dvZALymRpgmWsvSez0BJzBjulhOT/t+wyKeh3pZWvwP3VMs1SoOKwO3wecMQ==",
			"cpu": [
				"x64"
			],
			"dev": true,
			"license": "MIT OR Apache-2.0",
			"optional": true,
			"os": [
				"win32"
			],
			"engines": {
				"node": ">=14.21.3"
			}
		},
		"node_modules/@emnapi/core": {
			"version": "1.8.1",
			"resolved": "https://registry.npmjs.org/@emnapi/core/-/core-1.8.1.tgz",
			"integrity": "sha512-AvT9QFpxK0Zd8J0jopedNm+w/2fIzvtPKPjqyw9jwvBaReTTqPBk9Hixaz7KbjimP+QNz605/XnjFcDAL2pqBg==",
			"license": "MIT",
			"optional": true,
			"dependencies": {
				"@emnapi/wasi-threads": "1.1.0",
				"tslib": "^2.4.0"
			}
		},
		"node_modules/@emnapi/runtime": {
			"version": "1.8.1",
			"resolved": "https://registry.npmjs.org/@emnapi/runtime/-/runtime-1.8.1.tgz",
			"integrity": "sha512-mehfKSMWjjNol8659Z8KxEMrdSJDDot5SXMq00dM8BN4o+CLNXQ0xH2V7EchNHV4RmbZLmmPdEaXZc5H2FXmDg==",
			"license": "MIT",
			"optional": true,
			"dependencies": {
				"tslib": "^2.4.0"
			}
		},
		"node_modules/@emnapi/wasi-threads": {
			"version": "1.1.0",
			"resolved": "https://registry.npmjs.org/@emnapi/wasi-threads/-/wasi-threads-1.1.0.tgz",
			"integrity": "sha512-WI0DdZ8xFSbgMjR1sFsKABJ/C5OnRrjT06JXbZKexJGrDuPTzZdDYfFlsgcCXCyf+suG5QU2e/y1Wo2V/OapLQ==",
			"license": "MIT",
			"optional": true,
			"dependencies": {
				"tslib": "^2.4.0"
			}
		},
		"node_modules/@napi-rs/image": {
			"version": "1.12.0",
			"resolved": "https://registry.npmjs.org/@napi-rs/image/-/image-1.12.0.tgz",
			"integrity": "sha512-hfW9EvlUj4R+RYu5Cgcm9/d/2eMTj3Dhypj0BD+snasawBpYwSfkPZx/6C1Hm2cVCbRT6zovGdSHUXwPLb29dw==",
			"license": "MIT",
			"engines": {
				"node": ">= 10"
			},
			"funding": {
				"type": "github",
				"url": "https://github.com/sponsors/Brooooooklyn"
			},
			"optionalDependencies": {
				"@napi-rs/image-android-arm64": "1.12.0",
				"@napi-rs/image-darwin-arm64": "1.12.0",
				"@napi-rs/image-darwin-x64": "1.12.0",
				"@napi-rs/image-freebsd-x64": "1.12.0",
				"@napi-rs/image-linux-arm-gnueabihf": "1.12.0",
				"@napi-rs/image-linux-arm64-gnu": "1.12.0",
				"@napi-rs/image-linux-arm64-musl": "1.12.0",
				"@napi-rs/image-linux-x64-gnu": "1.12.0",
				"@napi-rs/image-linux-x64-musl": "1.12.0",
				"@napi-rs/image-wasm32-wasi": "1.12.0",
				"@napi-rs/image-win32-arm64-msvc": "1.12.0",
				"@napi-rs/image-win32-ia32-msvc": "1.12.0",
				"@napi-rs/image-win32-x64-msvc": "1.12.0"
			}
		},
		"node_modules/@napi-rs/image-android-arm64": {
			"version": "1.12.0",
			"resolved": "https://registry.npmjs.org/@napi-rs/image-android-arm64/-/image-android-arm64-1.12.0.tgz",
			"integrity": "sha512-MAm8EHmtO47OZYsHgiMuP+nYZOEbNWbHjkoNfRS9wFJiRQ5p/pIlvdeWL9DqkSrjcgHjIJXLcrt94MMF1jXOuw==",
			"cpu": [
				"arm64"
			],
			"license": "MIT",
			"optional": true,
			"os": [
				"android"
			],
			"engines": {
				"node": ">= 10"
			}
		},
		"node_modules/@napi-rs/image-darwin-arm64": {
			"version": "1.12.0",
			"resolved": "https://registry.npmjs.org/@napi-rs/image-darwin-arm64/-/image-darwin-arm64-1.12.0.tgz",
			"integrity": "sha512-NXDXy9qNmNdesKCTWMcKa9QHP74Ut75Lwi4psUzo5e7ptOeK6ACIanVPynnfWGMUXY4pTIXvGooLf5mbn6r7iQ==",
			"cpu": [
				"arm64"
			],
			"license": "MIT",
			"optional": true,
			"os": [
				"darwin"
			],
			"engines": {
				"node": ">= 10"
			}
		},
		"node_modules/@napi-rs/image-darwin-x64": {
			"version": "1.12.0",
			"resolved": "https://registry.npmjs.org/@napi-rs/image-darwin-x64/-/image-darwin-x64-1.12.0.tgz",
			"integrity": "sha512-577Ysv/m60Pmv2rahxf2c6ChfNwGyAs3Pyoopao6YxknXnq+M8/x8PW3f9Gxg9+a/nxxnFIYoMDkD1GeQRecXg==",
			"cpu": [
				"x64"
			],
			"license": "MIT",
			"optional": true,
			"os": [
				"darwin"
			],
			"engines": {
				"node": ">= 10"
			}
		},
		"node_modules/@napi-rs/image-freebsd-x64": {
			"version": "1.12.0",
			"resolved": "https://registry.npmjs.org/@napi-rs/image-freebsd-x64/-/image-freebsd-x64-1.12.0.tgz",
			"integrity": "sha512-WwQvpQ8FCpFjEHuI5nGKl67oPj4Yc5clbNrSy2wBzIcmuuOjfzGFi96MDZU6gQvRYZz+jbGa71+Fk3bMtbp8ew==",
			"cpu": [
				"x64"
			],
			"license": "MIT",
			"optional": true,
			"os": [
				"freebsd"
			],
			"engines": {
				"node": ">= 10"
			}
		},
		"node_modules/@napi-rs/image-linux-arm-gnueabihf": {
			"version": "1.12.0",
			"resolved": "https://registry.npmjs.org/@napi-rs/image-linux-arm-gnueabihf/-/image-linux-arm-gnueabihf-1.12.0.tgz",
			"integrity": "sha512-UaIVUREI7q9NpR6mBNyGJ7D8S4vdQ65X2RoUmAv7f89ILvKobyyn8LFx8MqjPU5UpmWQhoU5nATQzKsYF70HoQ==",
			"cpu": [
				"arm"
			],
			"license": "MIT",
			"optional": true,
			"os": [
				"linux"
			],
			"engines": {
				"node": ">= 10"
			}
		},
		"node_modules/@napi-rs/image-linux-arm64-gnu": {
			"version": "1.12.0",
			"resolved": "https://registry.npmjs.org/@napi-rs/image-linux-arm64-gnu/-/image-linux-arm64-gnu-1.12.0.tgz",
			"integrity": "sha512-QwZRPAJjtRAPtrtvn8slmtcMtAWLd15kRL6BxBaAA/VHR/sOzKxCbXbapzf/nHUJUsO7Gy3wQu0SKr7Wjp5K9w==",
			"cpu": [
				"arm64"
			],
			"license": "MIT",
			"optional": true,
			"os": [
				"linux"
			],
			"engines": {
				"node": ">= 10"
			}
		},
		"node_modules/@napi-rs/image-linux-arm64-musl": {
			"version": "1.12.0",
			"resolved": "https://registry.npmjs.org/@napi-rs/image-linux-arm64-musl/-/image-linux-arm64-musl-1.12.0.tgz",
			"integrity": "sha512-1laZq0DdtuI6DBFkGRB0tSv/STo11qjGKfCVUndt3JbP4nidO4enRDjofBTu5ROFcxqSdIq/t7hYhlS+BeJRnw==",
			"cpu": [
				"arm64"
			],
			"license": "MIT",
			"optional": true,
			"os": [
				"linux"
			],
			"engines": {
				"node": ">= 10"
			}
		},
		"node_modules/@napi-rs/image-linux-x64-gnu": {
			"version": "1.12.0",
			"resolved": "https://registry.npmjs.org/@napi-rs/image-linux-x64-gnu/-/image-linux-x64-gnu-1.12.0.tgz",
			"integrity": "sha512-TaaITRqJXnRip1kV2o+M6dMFyQdKs8zlPHyxZU6sfbjyPfgtkliKXR6kxxug2MVCr7jXuAFdrJRCdfyAeK4MIQ==",
			"cpu": [
				"x64"
			],
			"license": "MIT",
			"optional": true,
			"os": [
				"linux"
			],
			"engines": {
				"node": ">= 10"
			}
		},
		"node_modules/@napi-rs/image-linux-x64-musl": {
			"version": "1.12.0",
			"resolved": "https://registry.npmjs.org/@napi-rs/image-linux-x64-musl/-/image-linux-x64-musl-1.12.0.tgz",
			"integrity": "sha512-QdvbOh+lekT+gKpYhINOHd4ruEYQHzEVhNqswZ2V3mWH5tbXS9ypjzzfZ1UVeHNfce3NooZ+XsZVGITX/KyUwQ==",
			"cpu": [
				"x64"
			],
			"license": "MIT",
			"optional": true,
			"os": [
				"linux"
			],
			"engines": {
				"node": ">= 10"
			}
		},
		"node_modules/@napi-rs/image-wasm32-wasi": {
			"version": "1.12.0",
			"resolved": "https://registry.npmjs.org/@napi-rs/image-wasm32-wasi/-/image-wasm32-wasi-1.12.0.tgz",
			"integrity": "sha512-tlLe2+4RdJfkT8DOGJ7KpUGYxlhvqaYCKuPoyO2x/LPnfF2kSKO9nLIdBhCNw7v61gfxIEpr2ccz01Mw8FeSjA==",
			"cpu": [
				"wasm32"
			],
			"license": "MIT",
			"optional": true,
			"dependencies": {
				"@napi-rs/wasm-runtime": "^1.1.0"
			},
			"engines": {
				"node": ">=14.0.0"
			}
		},
		"node_modules/@napi-rs/image-win32-arm64-msvc": {
			"version": "1.12.0",
			"resolved": "https://registry.npmjs.org/@napi-rs/image-win32-arm64-msvc/-/image-win32-arm64-msvc-1.12.0.tgz",
			"integrity": "sha512-JlyIKiwhMRq0MUGIILaHeqS0Rc2kazdN9t0cjv7DrN5FLwTPmXFQyDsgGEW8oFJ08DKpbn6Dfy/5UogjII+hKg==",
			"cpu": [
				"arm64"
			],
			"license": "MIT",
			"optional": true,
			"os": [
				"win32"
			],
			"engines": {
				"node": ">= 10"
			}
		},
		"node_modules/@napi-rs/image-win32-ia32-msvc": {
			"version": "1.12.0",
			"resolved": "https://registry.npmjs.org/@napi-rs/image-win32-ia32-msvc/-/image-win32-ia32-msvc-1.12.0.tgz",
			"integrity": "sha512-nzg7bUJWkVz05zbsBmu4fZ5wj1KFyBbJwEV4OuV5qdz0IFAl37NEannO0yg0Yi9Amavgqmr5y7OmA2TiandpPA==",
			"cpu": [
				"ia32"
			],
			"license": "MIT",
			"optional": true,
			"os": [
				"win32"
			],
			"engines": {
				"node": ">= 10"
			}
		},
		"node_modules/@napi-rs/image-win32-x64-msvc": {
			"version": "1.12.0",
			"resolved": "https://registry.npmjs.org/@napi-rs/image-win32-x64-msvc/-/image-win32-x64-msvc-1.12.0.tgz",
			"integrity": "sha512-tTS4k9Bep2bJbymuu523sp8MZDdUaTkjORWkiwOHPFULt2e+pgnCCQ6+gXJ7WAWXvdwKn06gfdMsC2DM8k5EtA==",
			"cpu": [
				"x64"
			],
			"license": "MIT",
			"optional": true,
			"os": [
				"win32"
			],
			"engines": {
				"node": ">= 10"
			}
		},
		"node_modules/@napi-rs/wasm-runtime": {
			"version": "1.1.1",
			"resolved": "https://registry.npmjs.org/@napi-rs/wasm-runtime/-/wasm-runtime-1.1.1.tgz",
			"integrity": "sha512-p64ah1M1ld8xjWv3qbvFwHiFVWrq1yFvV4f7w+mzaqiR4IlSgkqhcRdHwsGgomwzBH51sRY4NEowLxnaBjcW/A==",
			"license": "MIT",
			"optional": true,
			"dependencies": {
				"@emnapi/core": "^1.7.1",
				"@emnapi/runtime": "^1.7.1",
				"@tybys/wasm-util": "^0.10.1"
			},
			"funding": {
				"type": "github",
				"url": "https://github.com/sponsors/Brooooooklyn"
			}
		},
		"node_modules/@opentelemetry/api": {
			"version": "1.9.0",
			"resolved": "https://registry.npmjs.org/@opentelemetry/api/-/api-1.9.0.tgz",
			"integrity": "sha512-3giAOQvZiH5F9bMlMiv8+GSPMeqg0dbaeo58/0SlA9sxSqZhnUtxzX9/2FzyhS9sWQf5S0GJE0AKBrFqjpeYcg==",
			"license": "Apache-2.0",
			"engines": {
				"node": ">=8.0.0"
			}
		},
		"node_modules/@standard-schema/spec": {
			"version": "1.1.0",
			"resolved": "https://registry.npmjs.org/@standard-schema/spec/-/spec-1.1.0.tgz",
			"integrity": "sha512-l2aFy5jALhniG5HgqrD6jXLi/rUWrKvqN/qJx6yoJsgKhblVd+iqqU4RCXavm/jPityDo5TCvKMnpjKnOriy0w==",
			"license": "MIT"
		},
		"node_modules/@tybys/wasm-util": {
			"version": "0.10.1",
			"resolved": "https://registry.npmjs.org/@tybys/wasm-util/-/wasm-util-0.10.1.tgz",
			"integrity": "sha512-9tTaPJLSiejZKx+Bmog4uSubteqTvFrVrURwkmHixBo0G4seD0zUxp98E1DzUBJxLQ3NPwXrGKDiVjwx/DpPsg==",
			"license": "MIT",
			"optional": true,
			"dependencies": {
				"tslib": "^2.4.0"
			}
		},
		"node_modules/@types/bun": {
			"version": "1.3.8",
			"resolved": "https://registry.npmjs.org/@types/bun/-/bun-1.3.8.tgz",
			"integrity": "sha512-3LvWJ2q5GerAXYxO2mffLTqOzEu5qnhEAlh48Vnu8WQfnmSwbgagjGZV6BoHKJztENYEDn6QmVd949W4uESRJA==",
			"dev": true,
			"license": "MIT",
			"dependencies": {
				"bun-types": "1.3.8"
			}
		},
		"node_modules/@types/node": {
			"version": "25.2.0",
			"resolved": "https://registry.npmjs.org/@types/node/-/node-25.2.0.tgz",
			"integrity": "sha512-DZ8VwRFUNzuqJ5khrvwMXHmvPe+zGayJhr2CDNiKB1WBE1ST8Djl00D0IC4vvNmHMdj6DlbYRIaFE7WHjlDl5w==",
			"dev": true,
			"license": "MIT",
			"dependencies": {
				"undici-types": "~7.16.0"
			}
		},
		"node_modules/@vercel/oidc": {
			"version": "3.1.0",
			"resolved": "https://registry.npmjs.org/@vercel/oidc/-/oidc-3.1.0.tgz",
			"integrity": "sha512-Fw28YZpRnA3cAHHDlkt7xQHiJ0fcL+NRcIqsocZQUSmbzeIKRpwttJjik5ZGanXP+vlA4SbTg+AbA3bP363l+w==",
			"license": "Apache-2.0",
			"engines": {
				"node": ">= 20"
			}
		},
		"node_modules/ai": {
			"version": "6.0.67",
			"resolved": "https://registry.npmjs.org/ai/-/ai-6.0.67.tgz",
			"integrity": "sha512-xBnTcByHCj3OcG6V8G1s6zvSEqK0Bdiu+IEXYcpGrve1iGFFRgcrKeZtr/WAW/7gupnSvBbDF24BEv1OOfqi1g==",
			"license": "Apache-2.0",
			"dependencies": {
				"@ai-sdk/gateway": "3.0.32",
				"@ai-sdk/provider": "3.0.7",
				"@ai-sdk/provider-utils": "4.0.13",
				"@opentelemetry/api": "1.9.0"
			},
			"engines": {
				"node": ">=18"
			},
			"peerDependencies": {
				"zod": "^3.25.76 || ^4.1.8"
			}
		},
		"node_modules/bun-types": {
			"version": "1.3.8",
			"resolved": "https://registry.npmjs.org/bun-types/-/bun-types-1.3.8.tgz",
			"integrity": "sha512-fL99nxdOWvV4LqjmC+8Q9kW3M4QTtTR1eePs94v5ctGqU8OeceWrSUaRw3JYb7tU3FkMIAjkueehrHPPPGKi5Q==",
			"dev": true,
			"license": "MIT",
			"dependencies": {
				"@types/node": "*"
			}
		},
		"node_modules/commander": {
			"version": "14.0.3",
			"resolved": "https://registry.npmjs.org/commander/-/commander-14.0.3.tgz",
			"integrity": "sha512-H+y0Jo/T1RZ9qPP4Eh1pkcQcLRglraJaSLoyOtHxu6AapkjWVCy2Sit1QQ4x3Dng8qDlSsZEet7g5Pq06MvTgw==",
			"license": "MIT",
			"engines": {
				"node": ">=20"
			}
		},
		"node_modules/eventsource-parser": {
			"version": "3.0.6",
			"resolved": "https://registry.npmjs.org/eventsource-parser/-/eventsource-parser-3.0.6.tgz",
			"integrity": "sha512-Vo1ab+QXPzZ4tCa8SwIHJFaSzy4R6SHf7BY79rFBDf0idraZWAkYrDjDj8uWaSm3S2TK+hJ7/t1CEmZ7jXw+pg==",
			"license": "MIT",
			"engines": {
				"node": ">=18.0.0"
			}
		},
		"node_modules/fast-xml-parser": {
			"version": "5.3.4",
			"resolved": "https://registry.npmjs.org/fast-xml-parser/-/fast-xml-parser-5.3.4.tgz",
			"integrity": "sha512-EFd6afGmXlCx8H8WTZHhAoDaWaGyuIBoZJ2mknrNxug+aZKjkp0a0dlars9Izl+jF+7Gu1/5f/2h68cQpe0IiA==",
			"funding": [
				{
					"type": "github",
					"url": "https://github.com/sponsors/NaturalIntelligence"
				}
			],
			"license": "MIT",
			"dependencies": {
				"strnum": "^2.1.0"
			},
			"bin": {
				"fxparser": "src/cli/cli.js"
			}
		},
		"node_modules/json-schema": {
			"version": "0.4.0",
			"resolved": "https://registry.npmjs.org/json-schema/-/json-schema-0.4.0.tgz",
			"integrity": "sha512-es94M3nTIfsEPisRafak+HDLfHXnKBhV3vU5eqPcS3flIWqcxJWgXHXiey3YrpaNsanY5ei1VoYEbOzijuq9BA==",
			"license": "(AFL-2.1 OR BSD-3-Clause)"
		},
		"node_modules/strnum": {
			"version": "2.1.2",
			"resolved": "https://registry.npmjs.org/strnum/-/strnum-2.1.2.tgz",
			"integrity": "sha512-l63NF9y/cLROq/yqKXSLtcMeeyOfnSQlfMSlzFt/K73oIaD8DGaQWd7Z34X9GPiKqP5rbSh84Hl4bOlLcjiSrQ==",
			"funding": [
				{
					"type": "github",
					"url": "https://github.com/sponsors/NaturalIntelligence"
				}
			],
			"license": "MIT"
		},
		"node_modules/tslib": {
			"version": "2.8.1",
			"resolved": "https://registry.npmjs.org/tslib/-/tslib-2.8.1.tgz",
			"integrity": "sha512-oJFu94HQb+KVduSUQL7wnpmqnfmLsOA/nAh6b6EH0wCEoK0/mPeXU6c3wKDV83MkOuHPRHtSXKKU99IBazS/2w==",
			"license": "0BSD",
			"optional": true
		},
		"node_modules/typescript": {
			"version": "5.9.3",
			"resolved": "https://registry.npmjs.org/typescript/-/typescript-5.9.3.tgz",
			"integrity": "sha512-jl1vZzPDinLr9eUt3J/t7V6FgNEw9QjvBPdysz9KfQDD41fQrC2Y4vKQdiaUpFT4bXlb1RHhLpp8wtm6M5TgSw==",
			"dev": true,
			"license": "Apache-2.0",
			"bin": {
				"tsc": "bin/tsc",
				"tsserver": "bin/tsserver"
			},
			"engines": {
				"node": ">=14.17"
			}
		},
		"node_modules/undici-types": {
			"version": "7.16.0",
			"resolved": "https://registry.npmjs.org/undici-types/-/undici-types-7.16.0.tgz",
			"integrity": "sha512-Zz+aZWSj8LE6zoxD+xrjh4VfkIG8Ya6LvYkZqtUQGJPZjYl53ypCaUwWqo7eI0x66KBGeRo+mlBEkMSeSZ38Nw==",
			"dev": true,
			"license": "MIT"
		},
		"node_modules/zod": {
			"version": "4.3.6",
			"resolved": "https://registry.npmjs.org/zod/-/zod-4.3.6.tgz",
			"integrity": "sha512-rftlrkhHZOcjDwkGlnUtZZkvaPHCsDATp4pGpuOOMDaTdDDXF91wuVDJoWoPsKX/3YPQ5fHuF3STjcYyKr+Qhg==",
			"license": "MIT",
			"funding": {
				"url": "https://github.com/sponsors/colinhacks"
			}
		}
	}
}
